
Microsoft Visual Studio Solution File, Format Version 12.00
# Visual Studio Version 17
VisualStudioVersion = 17.1.32328.378
MinimumVisualStudioVersion = 10.0.40219.1
Project("{FAE04EC0-301F-11D3-BF4B-00C04F79EFBC}") = "35", "35.csproj", "{495BBCE3-81A0-424C-9848-F44433DE325C}"
EndProject
Global
	GlobalSection(SolutionConfigurationPlatforms) = preSolution
		Debug|Any CPU = Debug|Any CPU
		Release|Any CPU = Release|Any CPU
	EndGlobalSection
	GlobalSection(ProjectConfigurationPlatforms) = postSolution
		{495BBCE3-81A0-424C-9848-F44433DE325C}.Debug|Any CPU.ActiveCfg = Debug|Any CPU
		{495BBCE3-81A0-424C-9848-F44433DE325C}.Debug|Any CPU.Build.0 = Debug|Any CPU
		{495BBCE3-81A0-424C-9848-F44433DE325C}.Release|Any CPU.ActiveCfg = Release|Any CPU
		{495BBCE3-81A0-424C-9848-F44433DE325C}.Release|Any CPU.Build.0 = Release|Any CPU
	EndGlobalSection
	GlobalSection(SolutionProperties) = preSolution
		HideSolutionNode = FALSE
	EndGlobalSection
	GlobalSection(ExtensibilityGlobals) = postSolution
		SolutionGuid = {D12A1C7D-23ED-400F-A75D-0933FEA44C57}
	EndGlobalSection
EndGlobal
